
Microsoft Visual Studio Solution File, Format Version 12.00
# Visual Studio Version 17
VisualStudioVersion = 17.7.34221.43
MinimumVisualStudioVersion = 10.0.40219.1
Project("{9A19103F-16F7-4668-BE54-9A1E7A4F7556}") = "WEB API", "WEB API\WEB API.csproj", "{6E3F16C7-1583-49CC-BA81-58AA48C5AA8A}"
EndProject
Project("{9A19103F-16F7-4668-BE54-9A1E7A4F7556}") = "API USER", "API USER\API USER.csproj", "{93EDB210-1D39-4027-8342-FA242638C76C}"
EndProject
Project("{2150E333-8FDC-42A3-9474-1A3956D46DE8}") = "Solution Items", "Solution Items", "{0F2CC10D-EC95-4A84-BB93-D1F89BEF1C82}"
	ProjectSection(SolutionItems) = preProject
		.editorconfig = .editorconfig
	EndProjectSection
EndProject
Global
	GlobalSection(SolutionConfigurationPlatforms) = preSolution
		Debug|Any CPU = Debug|Any CPU
		Release|Any CPU = Release|Any CPU
	EndGlobalSection
	GlobalSection(ProjectConfigurationPlatforms) = postSolution
		{6E3F16C7-1583-49CC-BA81-58AA48C5AA8A}.Debug|Any CPU.ActiveCfg = Debug|Any CPU
		{6E3F16C7-1583-49CC-BA81-58AA48C5AA8A}.Debug|Any CPU.Build.0 = Debug|Any CPU
		{6E3F16C7-1583-49CC-BA81-58AA48C5AA8A}.Release|Any CPU.ActiveCfg = Release|Any CPU
		{6E3F16C7-1583-49CC-BA81-58AA48C5AA8A}.Release|Any CPU.Build.0 = Release|Any CPU
		{93EDB210-1D39-4027-8342-FA242638C76C}.Debug|Any CPU.ActiveCfg = Debug|Any CPU
		{93EDB210-1D39-4027-8342-FA242638C76C}.Debug|Any CPU.Build.0 = Debug|Any CPU
		{93EDB210-1D39-4027-8342-FA242638C76C}.Release|Any CPU.ActiveCfg = Release|Any CPU
		{93EDB210-1D39-4027-8342-FA242638C76C}.Release|Any CPU.Build.0 = Release|Any CPU
	EndGlobalSection
	GlobalSection(SolutionProperties) = preSolution
		HideSolutionNode = FALSE
	EndGlobalSection
	GlobalSection(ExtensibilityGlobals) = postSolution
		SolutionGuid = {E5E2A09A-4BF6-412E-B3C9-C27C6DFA2533}
	EndGlobalSection
EndGlobal
